
Microsoft Visual Studio Solution File, Format Version 12.00
# Visual Studio Version 16
VisualStudioVersion = 16.0.29609.76
MinimumVisualStudioVersion = 10.0.40219.1
Project("{9A19103F-16F7-4668-BE54-9A1E7A4F7556}") = "UtapriLive2DFileBuilder", "UtapriLive2DFileBuilder.csproj", "{5292EA2C-1B1D-4B1A-9323-118536E0CCEB}"
EndProject
Global
	GlobalSection(SolutionConfigurationPlatforms) = preSolution
		Debug|Any CPU = Debug|Any CPU
		Release|Any CPU = Release|Any CPU
	EndGlobalSection
	GlobalSection(ProjectConfigurationPlatforms) = postSolution
		{5292EA2C-1B1D-4B1A-9323-118536E0CCEB}.Debug|Any CPU.ActiveCfg = Debug|Any CPU
		{5292EA2C-1B1D-4B1A-9323-118536E0CCEB}.Debug|Any CPU.Build.0 = Debug|Any CPU
		{5292EA2C-1B1D-4B1A-9323-118536E0CCEB}.Release|Any CPU.ActiveCfg = Release|Any CPU
		{5292EA2C-1B1D-4B1A-9323-118536E0CCEB}.Release|Any CPU.Build.0 = Release|Any CPU
	EndGlobalSection
	GlobalSection(SolutionProperties) = preSolution
		HideSolutionNode = FALSE
	EndGlobalSection
	GlobalSection(ExtensibilityGlobals) = postSolution
		SolutionGuid = {EEF7E5BD-3D61-4D70-B529-65966D06862D}
	EndGlobalSection
EndGlobal
